
Microsoft Visual Studio Solution File, Format Version 12.00
# Visual Studio Version 17
VisualStudioVersion = 17.13.35825.156 d17.13
MinimumVisualStudioVersion = 10.0.40219.1
Project("{FAE04EC0-301F-11D3-BF4B-00C04F79EFBC}") = "H1", "H1\H1.csproj", "{800B7B81-5929-485B-A30F-079938550504}"
EndProject
Global
	GlobalSection(SolutionConfigurationPlatforms) = preSolution
		Debug|Any CPU = Debug|Any CPU
		Release|Any CPU = Release|Any CPU
	EndGlobalSection
	GlobalSection(ProjectConfigurationPlatforms) = postSolution
		{800B7B81-5929-485B-A30F-079938550504}.Debug|Any CPU.ActiveCfg = Debug|Any CPU
		{800B7B81-5929-485B-A30F-079938550504}.Debug|Any CPU.Build.0 = Debug|Any CPU
		{800B7B81-5929-485B-A30F-079938550504}.Release|Any CPU.ActiveCfg = Release|Any CPU
		{800B7B81-5929-485B-A30F-079938550504}.Release|Any CPU.Build.0 = Release|Any CPU
	EndGlobalSection
	GlobalSection(SolutionProperties) = preSolution
		HideSolutionNode = FALSE
	EndGlobalSection
	GlobalSection(ExtensibilityGlobals) = postSolution
		SolutionGuid = {AF8CB1F0-3411-4D49-8DBA-10C0A558A0C4}
	EndGlobalSection
EndGlobal
